
Microsoft Visual Studio Solution File, Format Version 12.00
# Visual Studio 15
VisualStudioVersion = 15.0.26730.3
MinimumVisualStudioVersion = 10.0.40219.1
Project("{FAE04EC0-301F-11D3-BF4B-00C04F79EFBC}") = "28199014", "28199014\28199014.csproj", "{2DDF6114-90B6-4A78-B132-150A1E0CDBC0}"
EndProject
Global
	GlobalSection(SolutionConfigurationPlatforms) = preSolution
		Debug|Any CPU = Debug|Any CPU
		Release|Any CPU = Release|Any CPU
	EndGlobalSection
	GlobalSection(ProjectConfigurationPlatforms) = postSolution
		{2DDF6114-90B6-4A78-B132-150A1E0CDBC0}.Debug|Any CPU.ActiveCfg = Debug|Any CPU
		{2DDF6114-90B6-4A78-B132-150A1E0CDBC0}.Debug|Any CPU.Build.0 = Debug|Any CPU
		{2DDF6114-90B6-4A78-B132-150A1E0CDBC0}.Release|Any CPU.ActiveCfg = Release|Any CPU
		{2DDF6114-90B6-4A78-B132-150A1E0CDBC0}.Release|Any CPU.Build.0 = Release|Any CPU
	EndGlobalSection
	GlobalSection(SolutionProperties) = preSolution
		HideSolutionNode = FALSE
	EndGlobalSection
	GlobalSection(ExtensibilityGlobals) = postSolution
		SolutionGuid = {96344888-68EE-497D-B469-A3B2D0AB1E75}
	EndGlobalSection
EndGlobal
